
Microsoft Visual Studio Solution File, Format Version 10.00
# Visual Studio 2008
Project("{FAE04EC0-301F-11D3-BF4B-00C04F79EFBC}") = "Adws CSharp Client", "Adws CSharp Client\Adws CSharp Client.csproj", "{588A3F07-9FDA-4C73-AD62-544C134B89FF}"
EndProject
Global
	GlobalSection(SolutionConfigurationPlatforms) = preSolution
		Debug|Any CPU = Debug|Any CPU
		Release|Any CPU = Release|Any CPU
	EndGlobalSection
	GlobalSection(ProjectConfigurationPlatforms) = postSolution
		{588A3F07-9FDA-4C73-AD62-544C134B89FF}.Debug|Any CPU.ActiveCfg = Debug|Any CPU
		{588A3F07-9FDA-4C73-AD62-544C134B89FF}.Debug|Any CPU.Build.0 = Debug|Any CPU
		{588A3F07-9FDA-4C73-AD62-544C134B89FF}.Release|Any CPU.ActiveCfg = Release|Any CPU
		{588A3F07-9FDA-4C73-AD62-544C134B89FF}.Release|Any CPU.Build.0 = Release|Any CPU
	EndGlobalSection
	GlobalSection(SolutionProperties) = preSolution
		HideSolutionNode = FALSE
	EndGlobalSection
EndGlobal
